
Microsoft Visual Studio Solution File, Format Version 12.00
# Visual Studio Version 16
VisualStudioVersion = 16.0.30517.126
MinimumVisualStudioVersion = 10.0.40219.1
Project("{9A19103F-16F7-4668-BE54-9A1E7A4F7556}") = "first test", "first test\first test.csproj", "{A8F706B1-36C5-452C-938D-75A4CB14B805}"
EndProject
Project("{2150E333-8FDC-42A3-9474-1A3956D46DE8}") = "Solution Items", "Solution Items", "{26AD4841-CC32-4591-9535-22EA767F674B}"
	ProjectSection(SolutionItems) = preProject
		.editorconfig = .editorconfig
	EndProjectSection
EndProject
Project("{9A19103F-16F7-4668-BE54-9A1E7A4F7556}") = "delegete,events", "delegete,events\delegete,events.csproj", "{4C152109-3B11-4E24-B309-780385568412}"
EndProject
Project("{FAE04EC0-301F-11D3-BF4B-00C04F79EFBC}") = "EvenetWithWindowsForm", "EvenetWithWindowsForm\EvenetWithWindowsForm.csproj", "{39E107D7-D4C0-4D65-9F24-4AD049DA19FC}"
EndProject
Project("{9A19103F-16F7-4668-BE54-9A1E7A4F7556}") = "Attributes and Reflection", "Attributes and Reflection\Attributes and Reflection.csproj", "{C4A7BB26-CCF4-45CE-8A68-286DE024D5CA}"
EndProject
Project("{9A19103F-16F7-4668-BE54-9A1E7A4F7556}") = "Assemblies", "Assemblies\Assemblies.csproj", "{37B48B3B-D1BD-4503-8CF3-43A4AD92E6FA}"
EndProject
Project("{9A19103F-16F7-4668-BE54-9A1E7A4F7556}") = "LibAssembly", "LibAssembly\LibAssembly.csproj", "{39FC8E67-C8D0-45B4-A2EB-90A9F1981AF8}"
EndProject
Project("{9A19103F-16F7-4668-BE54-9A1E7A4F7556}") = "MultiModuleAssimblies", "MultiModuleAssimblies\MultiModuleAssimblies.csproj", "{61BF53D3-CB6C-4244-8A4E-BF3BEB3BB223}"
EndProject
Project("{FAE04EC0-301F-11D3-BF4B-00C04F79EFBC}") = "_.net assemblies", "_.net assimbles\_.net assemblies.csproj", "{88AC759C-FAEA-4AB8-B0EE-A9FEC92C002F}"
EndProject
Project("{FAE04EC0-301F-11D3-BF4B-00C04F79EFBC}") = "LINQ", "LINQ\LINQ.csproj", "{1A67EB29-0011-4AAF-8331-CEB4F5C1AA6D}"
EndProject
Project("{9A19103F-16F7-4668-BE54-9A1E7A4F7556}") = "Containers", "Containers\Containers.csproj", "{17C6EC25-8BA4-40E2-A6E0-D20410ED84E5}"
EndProject
Project("{FAE04EC0-301F-11D3-BF4B-00C04F79EFBC}") = "EntityFrameWork", "EntityFrameWork\EntityFrameWork.csproj", "{2EFE6705-B939-4B0F-8755-0C371F91F3D2}"
EndProject
Project("{FAE04EC0-301F-11D3-BF4B-00C04F79EFBC}") = "EntityFramework 2", "EntityFramework 2\EntityFramework 2.csproj", "{4B56DC44-5700-4769-AE8D-53EE2083EDBB}"
EndProject
Project("{FAE04EC0-301F-11D3-BF4B-00C04F79EFBC}") = "ExpressTrees", "ExpressTrees\ExpressTrees.csproj", "{E206D0A5-549E-4DFD-848C-96DA452C4DA3}"
EndProject
Project("{FAE04EC0-301F-11D3-BF4B-00C04F79EFBC}") = "Dependency injection tools", "Dependency injection tools\Dependency injection tools.csproj", "{B7F51EF1-2872-4DB2-A773-4A622168AC1F}"
EndProject
Project("{FAE04EC0-301F-11D3-BF4B-00C04F79EFBC}") = "Design Patterns", "Design Patterns\Design Patterns.csproj", "{2E39995D-E193-47DF-BD17-2764291700CA}"
EndProject
Project("{FAE04EC0-301F-11D3-BF4B-00C04F79EFBC}") = "WebFormFirst", "WebFormFirst\WebFormFirst.csproj", "{E37FF35A-FE2C-41D0-8A5A-99FC3CF2003D}"
EndProject
Project("{FAE04EC0-301F-11D3-BF4B-00C04F79EFBC}") = "ADO", "ADO\ADO.csproj", "{02B38CDF-02D0-4484-99B6-47D2FF5CFA13}"
EndProject
Project("{FAE04EC0-301F-11D3-BF4B-00C04F79EFBC}") = "CustomeServerControls", "CustomeServerControls\CustomeServerControls.csproj", "{7FBD60F2-D656-489B-AF21-140CDE965E7F}"
EndProject
Project("{FAE04EC0-301F-11D3-BF4B-00C04F79EFBC}") = "FirstWebApi", "FirstWebApi\FirstWebApi.csproj", "{3224B2CA-DBF6-4D8F-A8EE-B7595B769A68}"
EndProject
Project("{FAE04EC0-301F-11D3-BF4B-00C04F79EFBC}") = "EmployeeDataAceess", "EmployeeDataAceess\EmployeeDataAceess.csproj", "{CEF04BFB-1AFE-4591-9924-E1EEE8CE6F9D}"
EndProject
Project("{FAE04EC0-301F-11D3-BF4B-00C04F79EFBC}") = "EmpolyeeAuthServiceApi", "EmpolyeeAuthServiceApi\EmpolyeeAuthServiceApi.csproj", "{91ED789D-5839-4D47-A0FF-0E42FDD8DDDD}"
EndProject
Project("{9A19103F-16F7-4668-BE54-9A1E7A4F7556}") = "concurrency and parallelism", "concurrency and parallelism\concurrency and parallelism.csproj", "{01B62806-6823-416A-9128-11E84E2CA1A5}"
EndProject
Project("{FAE04EC0-301F-11D3-BF4B-00C04F79EFBC}") = "DiffrentHttpLibInCsharp", "DiffrentHttpLibInCsharp\DiffrentHttpLibInCsharp.csproj", "{A2B0EB9A-3AD0-4371-8FED-52B0043C177A}"
EndProject
Project("{FAE04EC0-301F-11D3-BF4B-00C04F79EFBC}") = "AsyncTest", "AsyncTest\AsyncTest.csproj", "{62B99667-BECB-44C2-91AF-36FA7DD0BD67}"
EndProject
Project("{FAE04EC0-301F-11D3-BF4B-00C04F79EFBC}") = "AsyncWebServer", "AsyncWebServer\AsyncWebServer.csproj", "{98028542-34A3-49F3-88D0-56D856738A89}"
EndProject
Global
	GlobalSection(SolutionConfigurationPlatforms) = preSolution
		Debug|Any CPU = Debug|Any CPU
		Release|Any CPU = Release|Any CPU
	EndGlobalSection
	GlobalSection(ProjectConfigurationPlatforms) = postSolution
		{A8F706B1-36C5-452C-938D-75A4CB14B805}.Debug|Any CPU.ActiveCfg = Debug|Any CPU
		{A8F706B1-36C5-452C-938D-75A4CB14B805}.Debug|Any CPU.Build.0 = Debug|Any CPU
		{A8F706B1-36C5-452C-938D-75A4CB14B805}.Release|Any CPU.ActiveCfg = Release|Any CPU
		{A8F706B1-36C5-452C-938D-75A4CB14B805}.Release|Any CPU.Build.0 = Release|Any CPU
		{4C152109-3B11-4E24-B309-780385568412}.Debug|Any CPU.ActiveCfg = Debug|Any CPU
		{4C152109-3B11-4E24-B309-780385568412}.Debug|Any CPU.Build.0 = Debug|Any CPU
		{4C152109-3B11-4E24-B309-780385568412}.Release|Any CPU.ActiveCfg = Release|Any CPU
		{4C152109-3B11-4E24-B309-780385568412}.Release|Any CPU.Build.0 = Release|Any CPU
		{39E107D7-D4C0-4D65-9F24-4AD049DA19FC}.Debug|Any CPU.ActiveCfg = Debug|Any CPU
		{39E107D7-D4C0-4D65-9F24-4AD049DA19FC}.Debug|Any CPU.Build.0 = Debug|Any CPU
		{39E107D7-D4C0-4D65-9F24-4AD049DA19FC}.Release|Any CPU.ActiveCfg = Release|Any CPU
		{39E107D7-D4C0-4D65-9F24-4AD049DA19FC}.Release|Any CPU.Build.0 = Release|Any CPU
		{C4A7BB26-CCF4-45CE-8A68-286DE024D5CA}.Debug|Any CPU.ActiveCfg = Debug|Any CPU
		{C4A7BB26-CCF4-45CE-8A68-286DE024D5CA}.Debug|Any CPU.Build.0 = Debug|Any CPU
		{C4A7BB26-CCF4-45CE-8A68-286DE024D5CA}.Release|Any CPU.ActiveCfg = Release|Any CPU
		{C4A7BB26-CCF4-45CE-8A68-286DE024D5CA}.Release|Any CPU.Build.0 = Release|Any CPU
		{37B48B3B-D1BD-4503-8CF3-43A4AD92E6FA}.Debug|Any CPU.ActiveCfg = Debug|Any CPU
		{37B48B3B-D1BD-4503-8CF3-43A4AD92E6FA}.Debug|Any CPU.Build.0 = Debug|Any CPU
		{37B48B3B-D1BD-4503-8CF3-43A4AD92E6FA}.Release|Any CPU.ActiveCfg = Release|Any CPU
		{37B48B3B-D1BD-4503-8CF3-43A4AD92E6FA}.Release|Any CPU.Build.0 = Release|Any CPU
		{39FC8E67-C8D0-45B4-A2EB-90A9F1981AF8}.Debug|Any CPU.ActiveCfg = Debug|Any CPU
		{39FC8E67-C8D0-45B4-A2EB-90A9F1981AF8}.Debug|Any CPU.Build.0 = Debug|Any CPU
		{39FC8E67-C8D0-45B4-A2EB-90A9F1981AF8}.Release|Any CPU.ActiveCfg = Release|Any CPU
		{39FC8E67-C8D0-45B4-A2EB-90A9F1981AF8}.Release|Any CPU.Build.0 = Release|Any CPU
		{61BF53D3-CB6C-4244-8A4E-BF3BEB3BB223}.Debug|Any CPU.ActiveCfg = Debug|Any CPU
		{61BF53D3-CB6C-4244-8A4E-BF3BEB3BB223}.Debug|Any CPU.Build.0 = Debug|Any CPU
		{61BF53D3-CB6C-4244-8A4E-BF3BEB3BB223}.Release|Any CPU.ActiveCfg = Release|Any CPU
		{61BF53D3-CB6C-4244-8A4E-BF3BEB3BB223}.Release|Any CPU.Build.0 = Release|Any CPU
		{88AC759C-FAEA-4AB8-B0EE-A9FEC92C002F}.Debug|Any CPU.ActiveCfg = Debug|Any CPU
		{88AC759C-FAEA-4AB8-B0EE-A9FEC92C002F}.Debug|Any CPU.Build.0 = Debug|Any CPU
		{88AC759C-FAEA-4AB8-B0EE-A9FEC92C002F}.Release|Any CPU.ActiveCfg = Release|Any CPU
		{88AC759C-FAEA-4AB8-B0EE-A9FEC92C002F}.Release|Any CPU.Build.0 = Release|Any CPU
		{1A67EB29-0011-4AAF-8331-CEB4F5C1AA6D}.Debug|Any CPU.ActiveCfg = Debug|Any CPU
		{1A67EB29-0011-4AAF-8331-CEB4F5C1AA6D}.Debug|Any CPU.Build.0 = Debug|Any CPU
		{1A67EB29-0011-4AAF-8331-CEB4F5C1AA6D}.Release|Any CPU.ActiveCfg = Release|Any CPU
		{1A67EB29-0011-4AAF-8331-CEB4F5C1AA6D}.Release|Any CPU.Build.0 = Release|Any CPU
		{17C6EC25-8BA4-40E2-A6E0-D20410ED84E5}.Debug|Any CPU.ActiveCfg = Debug|Any CPU
		{17C6EC25-8BA4-40E2-A6E0-D20410ED84E5}.Debug|Any CPU.Build.0 = Debug|Any CPU
		{17C6EC25-8BA4-40E2-A6E0-D20410ED84E5}.Release|Any CPU.ActiveCfg = Release|Any CPU
		{17C6EC25-8BA4-40E2-A6E0-D20410ED84E5}.Release|Any CPU.Build.0 = Release|Any CPU
		{2EFE6705-B939-4B0F-8755-0C371F91F3D2}.Debug|Any CPU.ActiveCfg = Debug|Any CPU
		{2EFE6705-B939-4B0F-8755-0C371F91F3D2}.Debug|Any CPU.Build.0 = Debug|Any CPU
		{2EFE6705-B939-4B0F-8755-0C371F91F3D2}.Release|Any CPU.ActiveCfg = Release|Any CPU
		{2EFE6705-B939-4B0F-8755-0C371F91F3D2}.Release|Any CPU.Build.0 = Release|Any CPU
		{4B56DC44-5700-4769-AE8D-53EE2083EDBB}.Debug|Any CPU.ActiveCfg = Debug|Any CPU
		{4B56DC44-5700-4769-AE8D-53EE2083EDBB}.Debug|Any CPU.Build.0 = Debug|Any CPU
		{4B56DC44-5700-4769-AE8D-53EE2083EDBB}.Release|Any CPU.ActiveCfg = Release|Any CPU
		{4B56DC44-5700-4769-AE8D-53EE2083EDBB}.Release|Any CPU.Build.0 = Release|Any CPU
		{E206D0A5-549E-4DFD-848C-96DA452C4DA3}.Debug|Any CPU.ActiveCfg = Debug|Any CPU
		{E206D0A5-549E-4DFD-848C-96DA452C4DA3}.Debug|Any CPU.Build.0 = Debug|Any CPU
		{E206D0A5-549E-4DFD-848C-96DA452C4DA3}.Release|Any CPU.ActiveCfg = Release|Any CPU
		{E206D0A5-549E-4DFD-848C-96DA452C4DA3}.Release|Any CPU.Build.0 = Release|Any CPU
		{B7F51EF1-2872-4DB2-A773-4A622168AC1F}.Debug|Any CPU.ActiveCfg = Debug|Any CPU
		{B7F51EF1-2872-4DB2-A773-4A622168AC1F}.Debug|Any CPU.Build.0 = Debug|Any CPU
		{B7F51EF1-2872-4DB2-A773-4A622168AC1F}.Release|Any CPU.ActiveCfg = Release|Any CPU
		{B7F51EF1-2872-4DB2-A773-4A622168AC1F}.Release|Any CPU.Build.0 = Release|Any CPU
		{2E39995D-E193-47DF-BD17-2764291700CA}.Debug|Any CPU.ActiveCfg = Debug|Any CPU
		{2E39995D-E193-47DF-BD17-2764291700CA}.Debug|Any CPU.Build.0 = Debug|Any CPU
		{2E39995D-E193-47DF-BD17-2764291700CA}.Release|Any CPU.ActiveCfg = Release|Any CPU
		{2E39995D-E193-47DF-BD17-2764291700CA}.Release|Any CPU.Build.0 = Release|Any CPU
		{E37FF35A-FE2C-41D0-8A5A-99FC3CF2003D}.Debug|Any CPU.ActiveCfg = Debug|Any CPU
		{E37FF35A-FE2C-41D0-8A5A-99FC3CF2003D}.Debug|Any CPU.Build.0 = Debug|Any CPU
		{E37FF35A-FE2C-41D0-8A5A-99FC3CF2003D}.Release|Any CPU.ActiveCfg = Release|Any CPU
		{E37FF35A-FE2C-41D0-8A5A-99FC3CF2003D}.Release|Any CPU.Build.0 = Release|Any CPU
		{02B38CDF-02D0-4484-99B6-47D2FF5CFA13}.Debug|Any CPU.ActiveCfg = Debug|Any CPU
		{02B38CDF-02D0-4484-99B6-47D2FF5CFA13}.Debug|Any CPU.Build.0 = Debug|Any CPU
		{02B38CDF-02D0-4484-99B6-47D2FF5CFA13}.Release|Any CPU.ActiveCfg = Release|Any CPU
		{02B38CDF-02D0-4484-99B6-47D2FF5CFA13}.Release|Any CPU.Build.0 = Release|Any CPU
		{7FBD60F2-D656-489B-AF21-140CDE965E7F}.Debug|Any CPU.ActiveCfg = Debug|Any CPU
		{7FBD60F2-D656-489B-AF21-140CDE965E7F}.Debug|Any CPU.Build.0 = Debug|Any CPU
		{7FBD60F2-D656-489B-AF21-140CDE965E7F}.Release|Any CPU.ActiveCfg = Release|Any CPU
		{7FBD60F2-D656-489B-AF21-140CDE965E7F}.Release|Any CPU.Build.0 = Release|Any CPU
		{3224B2CA-DBF6-4D8F-A8EE-B7595B769A68}.Debug|Any CPU.ActiveCfg = Debug|Any CPU
		{3224B2CA-DBF6-4D8F-A8EE-B7595B769A68}.Debug|Any CPU.Build.0 = Debug|Any CPU
		{3224B2CA-DBF6-4D8F-A8EE-B7595B769A68}.Release|Any CPU.ActiveCfg = Release|Any CPU
		{3224B2CA-DBF6-4D8F-A8EE-B7595B769A68}.Release|Any CPU.Build.0 = Release|Any CPU
		{CEF04BFB-1AFE-4591-9924-E1EEE8CE6F9D}.Debug|Any CPU.ActiveCfg = Debug|Any CPU
		{CEF04BFB-1AFE-4591-9924-E1EEE8CE6F9D}.Debug|Any CPU.Build.0 = Debug|Any CPU
		{CEF04BFB-1AFE-4591-9924-E1EEE8CE6F9D}.Release|Any CPU.ActiveCfg = Release|Any CPU
		{CEF04BFB-1AFE-4591-9924-E1EEE8CE6F9D}.Release|Any CPU.Build.0 = Release|Any CPU
		{91ED789D-5839-4D47-A0FF-0E42FDD8DDDD}.Debug|Any CPU.ActiveCfg = Debug|Any CPU
		{91ED789D-5839-4D47-A0FF-0E42FDD8DDDD}.Debug|Any CPU.Build.0 = Debug|Any CPU
		{91ED789D-5839-4D47-A0FF-0E42FDD8DDDD}.Release|Any CPU.ActiveCfg = Release|Any CPU
		{91ED789D-5839-4D47-A0FF-0E42FDD8DDDD}.Release|Any CPU.Build.0 = Release|Any CPU
		{01B62806-6823-416A-9128-11E84E2CA1A5}.Debug|Any CPU.ActiveCfg = Debug|Any CPU
		{01B62806-6823-416A-9128-11E84E2CA1A5}.Debug|Any CPU.Build.0 = Debug|Any CPU
		{01B62806-6823-416A-9128-11E84E2CA1A5}.Release|Any CPU.ActiveCfg = Release|Any CPU
		{01B62806-6823-416A-9128-11E84E2CA1A5}.Release|Any CPU.Build.0 = Release|Any CPU
		{A2B0EB9A-3AD0-4371-8FED-52B0043C177A}.Debug|Any CPU.ActiveCfg = Debug|Any CPU
		{A2B0EB9A-3AD0-4371-8FED-52B0043C177A}.Debug|Any CPU.Build.0 = Debug|Any CPU
		{A2B0EB9A-3AD0-4371-8FED-52B0043C177A}.Release|Any CPU.ActiveCfg = Release|Any CPU
		{A2B0EB9A-3AD0-4371-8FED-52B0043C177A}.Release|Any CPU.Build.0 = Release|Any CPU
		{62B99667-BECB-44C2-91AF-36FA7DD0BD67}.Debug|Any CPU.ActiveCfg = Debug|Any CPU
		{62B99667-BECB-44C2-91AF-36FA7DD0BD67}.Debug|Any CPU.Build.0 = Debug|Any CPU
		{62B99667-BECB-44C2-91AF-36FA7DD0BD67}.Release|Any CPU.ActiveCfg = Release|Any CPU
		{62B99667-BECB-44C2-91AF-36FA7DD0BD67}.Release|Any CPU.Build.0 = Release|Any CPU
		{98028542-34A3-49F3-88D0-56D856738A89}.Debug|Any CPU.ActiveCfg = Debug|Any CPU
		{98028542-34A3-49F3-88D0-56D856738A89}.Debug|Any CPU.Build.0 = Debug|Any CPU
		{98028542-34A3-49F3-88D0-56D856738A89}.Release|Any CPU.ActiveCfg = Release|Any CPU
		{98028542-34A3-49F3-88D0-56D856738A89}.Release|Any CPU.Build.0 = Release|Any CPU
	EndGlobalSection
	GlobalSection(SolutionProperties) = preSolution
		HideSolutionNode = FALSE
	EndGlobalSection
	GlobalSection(ExtensibilityGlobals) = postSolution
		SolutionGuid = {5B0BF96B-25A6-4E7B-A043-84E9F7725E39}
	EndGlobalSection
EndGlobal
