
Microsoft Visual Studio Solution File, Format Version 12.00
# Visual Studio Version 17
VisualStudioVersion = 17.3.32825.248
MinimumVisualStudioVersion = 10.0.40219.1
Project("{9A19103F-16F7-4668-BE54-9A1E7A4F7556}") = "first test", "first test\first test.csproj", "{A8F706B1-36C5-452C-938D-75A4CB14B805}"
EndProject
Project("{2150E333-8FDC-42A3-9474-1A3956D46DE8}") = "Solution Items", "Solution Items", "{26AD4841-CC32-4591-9535-22EA767F674B}"
	ProjectSection(SolutionItems) = preProject
		.editorconfig = .editorconfig
	EndProjectSection
EndProject
Project("{9A19103F-16F7-4668-BE54-9A1E7A4F7556}") = "delegete,events", "delegete,events\delegete,events.csproj", "{4C152109-3B11-4E24-B309-780385568412}"
EndProject
Project("{FAE04EC0-301F-11D3-BF4B-00C04F79EFBC}") = "EvenetWithWindowsForm", "EvenetWithWindowsForm\EvenetWithWindowsForm.csproj", "{39E107D7-D4C0-4D65-9F24-4AD049DA19FC}"
EndProject
Project("{9A19103F-16F7-4668-BE54-9A1E7A4F7556}") = "Attributes and Reflection", "Attributes and Reflection\Attributes and Reflection.csproj", "{C4A7BB26-CCF4-45CE-8A68-286DE024D5CA}"
EndProject
Project("{9A19103F-16F7-4668-BE54-9A1E7A4F7556}") = "Assemblies", "Assemblies\Assemblies.csproj", "{37B48B3B-D1BD-4503-8CF3-43A4AD92E6FA}"
EndProject
Project("{9A19103F-16F7-4668-BE54-9A1E7A4F7556}") = "LibAssembly", "LibAssembly\LibAssembly.csproj", "{39FC8E67-C8D0-45B4-A2EB-90A9F1981AF8}"
EndProject
Project("{9A19103F-16F7-4668-BE54-9A1E7A4F7556}") = "MultiModuleAssimblies", "MultiModuleAssimblies\MultiModuleAssimblies.csproj", "{61BF53D3-CB6C-4244-8A4E-BF3BEB3BB223}"
EndProject
Project("{FAE04EC0-301F-11D3-BF4B-00C04F79EFBC}") = "_.net assemblies", "_.net assimbles\_.net assemblies.csproj", "{88AC759C-FAEA-4AB8-B0EE-A9FEC92C002F}"
EndProject
Project("{FAE04EC0-301F-11D3-BF4B-00C04F79EFBC}") = "LINQ", "LINQ\LINQ.csproj", "{1A67EB29-0011-4AAF-8331-CEB4F5C1AA6D}"
EndProject
Project("{9A19103F-16F7-4668-BE54-9A1E7A4F7556}") = "Containers", "Containers\Containers.csproj", "{17C6EC25-8BA4-40E2-A6E0-D20410ED84E5}"
EndProject
Project("{FAE04EC0-301F-11D3-BF4B-00C04F79EFBC}") = "EntityFrameWork", "EntityFrameWork\EntityFrameWork.csproj", "{2EFE6705-B939-4B0F-8755-0C371F91F3D2}"
EndProject
Project("{FAE04EC0-301F-11D3-BF4B-00C04F79EFBC}") = "EntityFramework 2", "EntityFramework 2\EntityFramework 2.csproj", "{4B56DC44-5700-4769-AE8D-53EE2083EDBB}"
EndProject
Project("{FAE04EC0-301F-11D3-BF4B-00C04F79EFBC}") = "ExpressTrees", "ExpressTrees\ExpressTrees.csproj", "{E206D0A5-549E-4DFD-848C-96DA452C4DA3}"
EndProject
Project("{FAE04EC0-301F-11D3-BF4B-00C04F79EFBC}") = "Dependency injection tools", "Dependency injection tools\Dependency injection tools.csproj", "{B7F51EF1-2872-4DB2-A773-4A622168AC1F}"
EndProject
Project("{FAE04EC0-301F-11D3-BF4B-00C04F79EFBC}") = "Design Patterns", "Design Patterns\Design Patterns.csproj", "{2E39995D-E193-47DF-BD17-2764291700CA}"
EndProject
Project("{FAE04EC0-301F-11D3-BF4B-00C04F79EFBC}") = "WebFormFirst", "WebFormFirst\WebFormFirst.csproj", "{E37FF35A-FE2C-41D0-8A5A-99FC3CF2003D}"
EndProject
Project("{FAE04EC0-301F-11D3-BF4B-00C04F79EFBC}") = "ADO", "ADO\ADO.csproj", "{02B38CDF-02D0-4484-99B6-47D2FF5CFA13}"
EndProject
Project("{FAE04EC0-301F-11D3-BF4B-00C04F79EFBC}") = "CustomeServerControls", "CustomeServerControls\CustomeServerControls.csproj", "{7FBD60F2-D656-489B-AF21-140CDE965E7F}"
EndProject
Project("{FAE04EC0-301F-11D3-BF4B-00C04F79EFBC}") = "FirstWebApi", "FirstWebApi\FirstWebApi.csproj", "{3224B2CA-DBF6-4D8F-A8EE-B7595B769A68}"
EndProject
Project("{FAE04EC0-301F-11D3-BF4B-00C04F79EFBC}") = "EmployeeDataAceess", "EmployeeDataAceess\EmployeeDataAceess.csproj", "{CEF04BFB-1AFE-4591-9924-E1EEE8CE6F9D}"
EndProject
Project("{FAE04EC0-301F-11D3-BF4B-00C04F79EFBC}") = "EmpolyeeAuthServiceApi", "EmpolyeeAuthServiceApi\EmpolyeeAuthServiceApi.csproj", "{91ED789D-5839-4D47-A0FF-0E42FDD8DDDD}"
EndProject
Project("{9A19103F-16F7-4668-BE54-9A1E7A4F7556}") = "concurrency and parallelism", "concurrency and parallelism\concurrency and parallelism.csproj", "{01B62806-6823-416A-9128-11E84E2CA1A5}"
EndProject
Project("{9A19103F-16F7-4668-BE54-9A1E7A4F7556}") = "DiffrentHttpLibInCsharp", "DiffrentHttpLibInCsharp\DiffrentHttpLibInCsharp.csproj", "{A2B0EB9A-3AD0-4371-8FED-52B0043C177A}"
EndProject
Project("{9A19103F-16F7-4668-BE54-9A1E7A4F7556}") = "AsyncTest", "AsyncTest\AsyncTest.csproj", "{62B99667-BECB-44C2-91AF-36FA7DD0BD67}"
EndProject
Project("{9A19103F-16F7-4668-BE54-9A1E7A4F7556}") = "AsyncWebServer", "AsyncWebServer\AsyncWebServer.csproj", "{98028542-34A3-49F3-88D0-56D856738A89}"
EndProject
Project("{9A19103F-16F7-4668-BE54-9A1E7A4F7556}") = "WebApiCore", "WebApiCore\WebApiCore.csproj", "{3C3B6915-5E95-4F4E-A2C9-46C9814682CC}"
EndProject
Project("{FAE04EC0-301F-11D3-BF4B-00C04F79EFBC}") = "WindowsServiceTest1", "WindowsServiceTest1\WindowsServiceTest1.csproj", "{8EB811B2-6520-4D29-A480-D649B81EB100}"
EndProject
Project("{9A19103F-16F7-4668-BE54-9A1E7A4F7556}") = "scaffoldingDbUsingEfCore", "scaffoldingDbUsingEfCore\scaffoldingDbUsingEfCore.csproj", "{CF006151-6654-430F-9B20-23B6AAD758A3}"
EndProject
Project("{9A19103F-16F7-4668-BE54-9A1E7A4F7556}") = "Async Programming", "Async Programming\Async Programming.csproj", "{B7CFA480-05AC-4007-89DA-01A6151488BE}"
EndProject
Project("{FAE04EC0-301F-11D3-BF4B-00C04F79EFBC}") = "benchMark", "benchMark\benchMark.csproj", "{510F67BF-C553-4BAE-8EB5-FCBFC17785B8}"
EndProject
Project("{FAE04EC0-301F-11D3-BF4B-00C04F79EFBC}") = "MutableAndImutableIndotNet", "MutableAndImutableIndotNet\MutableAndImutableIndotNet.csproj", "{CF9A8C62-7844-4B5F-9A43-EFA2B0E6980B}"
EndProject
Project("{9A19103F-16F7-4668-BE54-9A1E7A4F7556}") = "MutableAndImutableIndotNetCore", "MutableAndImutableIndotNetCore\MutableAndImutableIndotNetCore.csproj", "{9CF68995-9B10-4A21-8B7D-DCE1C4CE17D8}"
EndProject
Project("{FAE04EC0-301F-11D3-BF4B-00C04F79EFBC}") = "QrImageGenerator", "QrImageGenerator\QrImageGenerator.csproj", "{D17D855D-59AB-415D-B35E-E596340AB620}"
EndProject
Project("{FAE04EC0-301F-11D3-BF4B-00C04F79EFBC}") = "GC", "GC\GC.csproj", "{9ED38EC6-7C92-4ECF-88D6-01A6C3D8C95D}"
EndProject
Project("{FAE04EC0-301F-11D3-BF4B-00C04F79EFBC}") = "BeforeFieldInitDotNET3", "BeforeFieldInitDotNET3\BeforeFieldInitDotNET3.csproj", "{706F2B44-A095-4B4B-B43A-09465F548F48}"
EndProject
Project("{FAE04EC0-301F-11D3-BF4B-00C04F79EFBC}") = "BeforeFieldInitDotNET4", "BeforeFieldInitDotNET4\BeforeFieldInitDotNET4.csproj", "{67218DC4-70C8-42BD-A3F1-4EDA8EA4D03C}"
EndProject
Project("{FAE04EC0-301F-11D3-BF4B-00C04F79EFBC}") = "MVVM using Caliburn Micro", "MVVM using Caliburn Micro\MVVM using Caliburn Micro.csproj", "{DFA3B17F-7A8F-4625-AA79-AC1F0C4EF3B8}"
EndProject
Project("{FAE04EC0-301F-11D3-BF4B-00C04F79EFBC}") = "WPFTest1", "WPFTest1\WPFTest1.csproj", "{D350658E-BD1E-47F2-873C-D627F9227A51}"
EndProject
Project("{FAE04EC0-301F-11D3-BF4B-00C04F79EFBC}") = "ConsoleApp1", "ConsoleApp1\ConsoleApp1.csproj", "{6A902AE9-9A9D-4F67-96C1-5870E3914CF2}"
EndProject
Project("{FAE04EC0-301F-11D3-BF4B-00C04F79EFBC}") = "ImageConverter", "ImageConverter\ImageConverter.csproj", "{C18D811D-0961-4EAA-B447-02D366FB7C0F}"
EndProject
Project("{2150E333-8FDC-42A3-9474-1A3956D46DE8}") = "TDD", "TDD", "{836444BD-5B92-4AD9-BDEF-536CA4F2FA5A}"
EndProject
Project("{FAE04EC0-301F-11D3-BF4B-00C04F79EFBC}") = "FirstTest", "FirstTest\FirstTest.csproj", "{2AD06B32-2787-4F38-A85A-9A76233FFA5D}"
EndProject
Project("{FAE04EC0-301F-11D3-BF4B-00C04F79EFBC}") = "ImageResizer", "ImageResizer\ImageResizer.csproj", "{9CA0ABE1-475A-467C-A518-4B447885BCD7}"
EndProject
Project("{2150E333-8FDC-42A3-9474-1A3956D46DE8}") = ".net6", ".net6", "{D9CFBE7F-CABA-464C-A2E1-05162D02BB7B}"
EndProject
Project("{9A19103F-16F7-4668-BE54-9A1E7A4F7556}") = "WorkerService1", "WorkerService1\WorkerService1.csproj", "{ABD67B69-2E41-4A0F-B39F-05FA69062220}"
EndProject
Project("{2150E333-8FDC-42A3-9474-1A3956D46DE8}") = "RandomTests", "RandomTests", "{A35F5339-99E4-45FD-9A90-270CB527A50D}"
EndProject
Project("{FAE04EC0-301F-11D3-BF4B-00C04F79EFBC}") = "InsertIntoUserLoginTokens", "InsertIntoUserLoginTokens\InsertIntoUserLoginTokens.csproj", "{4D3C380E-7740-41F8-815C-64687E27ECE7}"
EndProject
Project("{9A19103F-16F7-4668-BE54-9A1E7A4F7556}") = "ttt", "ttt\ttt.csproj", "{4A5B838C-CE42-48F2-B551-7AC04B14C610}"
EndProject
Project("{9A19103F-16F7-4668-BE54-9A1E7A4F7556}") = "InsertTokenTest", "InsertTokenTest\InsertTokenTest.csproj", "{575C049F-0386-43C9-9C1C-77E7F530FAB6}"
EndProject
Project("{9A19103F-16F7-4668-BE54-9A1E7A4F7556}") = "YoutunbToSound", "YoutunbToSound\YoutunbToSound.csproj", "{2D7930FE-FEDA-46A0-913D-BBC6FD4DCF05}"
EndProject
Project("{9A19103F-16F7-4668-BE54-9A1E7A4F7556}") = "ClassLibrary1", "ClassLibrary1\ClassLibrary1.csproj", "{B6E44091-862E-4495-837F-74BD1F681585}"
EndProject
Project("{FAE04EC0-301F-11D3-BF4B-00C04F79EFBC}") = "YoutubeToMP3", "YoutubeToMP3\YoutubeToMP3.csproj", "{48C83D10-F4E8-4919-AB67-D8065843C28F}"
EndProject
Project("{9A19103F-16F7-4668-BE54-9A1E7A4F7556}") = "XMLParser", "XMLParser\XMLParser.csproj", "{BC31D1FD-E406-4956-8CA2-30F4F4AD616B}"
EndProject
Project("{2150E333-8FDC-42A3-9474-1A3956D46DE8}") = "AssemblyLoading", "AssemblyLoading", "{E32A900C-D7E6-4D0D-9C9B-D38D0A987723}"
EndProject
Project("{FAE04EC0-301F-11D3-BF4B-00C04F79EFBC}") = "Master", "Master\Master.csproj", "{A205CDF6-8A18-4E6F-9656-4474DAF29DC0}"
EndProject
Project("{FAE04EC0-301F-11D3-BF4B-00C04F79EFBC}") = "Slave1", "Slave1\Slave1.csproj", "{34E683C6-6B81-49E3-94E7-DCBAD9D48D0D}"
EndProject
Project("{FAE04EC0-301F-11D3-BF4B-00C04F79EFBC}") = "Slave2", "Slave2\Slave2.csproj", "{95E32A91-EA71-404C-812C-94BF933F0CC2}"
EndProject
Project("{FAE04EC0-301F-11D3-BF4B-00C04F79EFBC}") = "TestIoc", "TestIoc\TestIoc.csproj", "{D0340DCC-B0BC-400B-897D-B275A0843EAE}"
EndProject
Project("{FAE04EC0-301F-11D3-BF4B-00C04F79EFBC}") = "Resolve", "Resolve\Resolve.csproj", "{579CD696-D1F1-413F-80FE-D700556F3FB9}"
EndProject
Project("{2150E333-8FDC-42A3-9474-1A3956D46DE8}") = "Resolver", "Resolver", "{DFE8852F-44C9-4618-A5E3-8A0CCADE3D9E}"
EndProject
Project("{FAE04EC0-301F-11D3-BF4B-00C04F79EFBC}") = "Resolver2", "Resolver2\Resolver2.csproj", "{2D6CE435-9DBA-443F-98A7-CC69E6B35F58}"
EndProject
Project("{9A19103F-16F7-4668-BE54-9A1E7A4F7556}") = "StorageManagment", "StorageManagment\StorageManagment.csproj", "{6F3FB9B5-1F36-4464-99F8-D5A98876B518}"
EndProject
Project("{9A19103F-16F7-4668-BE54-9A1E7A4F7556}") = "BulkInsertSqlServer", "BulkInsertSqlServer\BulkInsertSqlServer.csproj", "{9C5CAD96-928B-4207-89E1-587D4573E7C6}"
EndProject
Project("{2150E333-8FDC-42A3-9474-1A3956D46DE8}") = "HttpCLient", "HttpCLient", "{20D99530-20EA-4B6D-BCB6-508B3D4982CB}"
EndProject
Project("{9A19103F-16F7-4668-BE54-9A1E7A4F7556}") = "httpClientDotNetCore", "httpClientDotNetCore\httpClientDotNetCore.csproj", "{843340CA-5052-4EC5-BF61-8A8EE0A5839F}"
EndProject
Project("{9A19103F-16F7-4668-BE54-9A1E7A4F7556}") = "HttpClientDotNetStandard", "HttpClientDotNetStandard\HttpClientDotNetStandard.csproj", "{AED40FA0-3E42-4C6D-BF59-0250B113F3A2}"
EndProject
Global
	GlobalSection(SolutionConfigurationPlatforms) = preSolution
		Debug|Any CPU = Debug|Any CPU
		Release|Any CPU = Release|Any CPU
	EndGlobalSection
	GlobalSection(ProjectConfigurationPlatforms) = postSolution
		{A8F706B1-36C5-452C-938D-75A4CB14B805}.Debug|Any CPU.ActiveCfg = Debug|Any CPU
		{A8F706B1-36C5-452C-938D-75A4CB14B805}.Debug|Any CPU.Build.0 = Debug|Any CPU
		{A8F706B1-36C5-452C-938D-75A4CB14B805}.Release|Any CPU.ActiveCfg = Release|Any CPU
		{A8F706B1-36C5-452C-938D-75A4CB14B805}.Release|Any CPU.Build.0 = Release|Any CPU
		{4C152109-3B11-4E24-B309-780385568412}.Debug|Any CPU.ActiveCfg = Debug|Any CPU
		{4C152109-3B11-4E24-B309-780385568412}.Debug|Any CPU.Build.0 = Debug|Any CPU
		{4C152109-3B11-4E24-B309-780385568412}.Release|Any CPU.ActiveCfg = Release|Any CPU
		{4C152109-3B11-4E24-B309-780385568412}.Release|Any CPU.Build.0 = Release|Any CPU
		{39E107D7-D4C0-4D65-9F24-4AD049DA19FC}.Debug|Any CPU.ActiveCfg = Debug|Any CPU
		{39E107D7-D4C0-4D65-9F24-4AD049DA19FC}.Debug|Any CPU.Build.0 = Debug|Any CPU
		{39E107D7-D4C0-4D65-9F24-4AD049DA19FC}.Release|Any CPU.ActiveCfg = Release|Any CPU
		{39E107D7-D4C0-4D65-9F24-4AD049DA19FC}.Release|Any CPU.Build.0 = Release|Any CPU
		{C4A7BB26-CCF4-45CE-8A68-286DE024D5CA}.Debug|Any CPU.ActiveCfg = Debug|Any CPU
		{C4A7BB26-CCF4-45CE-8A68-286DE024D5CA}.Debug|Any CPU.Build.0 = Debug|Any CPU
		{C4A7BB26-CCF4-45CE-8A68-286DE024D5CA}.Release|Any CPU.ActiveCfg = Release|Any CPU
		{C4A7BB26-CCF4-45CE-8A68-286DE024D5CA}.Release|Any CPU.Build.0 = Release|Any CPU
		{37B48B3B-D1BD-4503-8CF3-43A4AD92E6FA}.Debug|Any CPU.ActiveCfg = Debug|Any CPU
		{37B48B3B-D1BD-4503-8CF3-43A4AD92E6FA}.Debug|Any CPU.Build.0 = Debug|Any CPU
		{37B48B3B-D1BD-4503-8CF3-43A4AD92E6FA}.Release|Any CPU.ActiveCfg = Release|Any CPU
		{37B48B3B-D1BD-4503-8CF3-43A4AD92E6FA}.Release|Any CPU.Build.0 = Release|Any CPU
		{39FC8E67-C8D0-45B4-A2EB-90A9F1981AF8}.Debug|Any CPU.ActiveCfg = Debug|Any CPU
		{39FC8E67-C8D0-45B4-A2EB-90A9F1981AF8}.Debug|Any CPU.Build.0 = Debug|Any CPU
		{39FC8E67-C8D0-45B4-A2EB-90A9F1981AF8}.Release|Any CPU.ActiveCfg = Release|Any CPU
		{39FC8E67-C8D0-45B4-A2EB-90A9F1981AF8}.Release|Any CPU.Build.0 = Release|Any CPU
		{61BF53D3-CB6C-4244-8A4E-BF3BEB3BB223}.Debug|Any CPU.ActiveCfg = Debug|Any CPU
		{61BF53D3-CB6C-4244-8A4E-BF3BEB3BB223}.Debug|Any CPU.Build.0 = Debug|Any CPU
		{61BF53D3-CB6C-4244-8A4E-BF3BEB3BB223}.Release|Any CPU.ActiveCfg = Release|Any CPU
		{61BF53D3-CB6C-4244-8A4E-BF3BEB3BB223}.Release|Any CPU.Build.0 = Release|Any CPU
		{88AC759C-FAEA-4AB8-B0EE-A9FEC92C002F}.Debug|Any CPU.ActiveCfg = Debug|Any CPU
		{88AC759C-FAEA-4AB8-B0EE-A9FEC92C002F}.Debug|Any CPU.Build.0 = Debug|Any CPU
		{88AC759C-FAEA-4AB8-B0EE-A9FEC92C002F}.Release|Any CPU.ActiveCfg = Release|Any CPU
		{88AC759C-FAEA-4AB8-B0EE-A9FEC92C002F}.Release|Any CPU.Build.0 = Release|Any CPU
		{1A67EB29-0011-4AAF-8331-CEB4F5C1AA6D}.Debug|Any CPU.ActiveCfg = Debug|Any CPU
		{1A67EB29-0011-4AAF-8331-CEB4F5C1AA6D}.Debug|Any CPU.Build.0 = Debug|Any CPU
		{1A67EB29-0011-4AAF-8331-CEB4F5C1AA6D}.Release|Any CPU.ActiveCfg = Release|Any CPU
		{1A67EB29-0011-4AAF-8331-CEB4F5C1AA6D}.Release|Any CPU.Build.0 = Release|Any CPU
		{17C6EC25-8BA4-40E2-A6E0-D20410ED84E5}.Debug|Any CPU.ActiveCfg = Debug|Any CPU
		{17C6EC25-8BA4-40E2-A6E0-D20410ED84E5}.Debug|Any CPU.Build.0 = Debug|Any CPU
		{17C6EC25-8BA4-40E2-A6E0-D20410ED84E5}.Release|Any CPU.ActiveCfg = Release|Any CPU
		{17C6EC25-8BA4-40E2-A6E0-D20410ED84E5}.Release|Any CPU.Build.0 = Release|Any CPU
		{2EFE6705-B939-4B0F-8755-0C371F91F3D2}.Debug|Any CPU.ActiveCfg = Debug|Any CPU
		{2EFE6705-B939-4B0F-8755-0C371F91F3D2}.Debug|Any CPU.Build.0 = Debug|Any CPU
		{2EFE6705-B939-4B0F-8755-0C371F91F3D2}.Release|Any CPU.ActiveCfg = Release|Any CPU
		{2EFE6705-B939-4B0F-8755-0C371F91F3D2}.Release|Any CPU.Build.0 = Release|Any CPU
		{4B56DC44-5700-4769-AE8D-53EE2083EDBB}.Debug|Any CPU.ActiveCfg = Debug|Any CPU
		{4B56DC44-5700-4769-AE8D-53EE2083EDBB}.Debug|Any CPU.Build.0 = Debug|Any CPU
		{4B56DC44-5700-4769-AE8D-53EE2083EDBB}.Release|Any CPU.ActiveCfg = Release|Any CPU
		{4B56DC44-5700-4769-AE8D-53EE2083EDBB}.Release|Any CPU.Build.0 = Release|Any CPU
		{E206D0A5-549E-4DFD-848C-96DA452C4DA3}.Debug|Any CPU.ActiveCfg = Debug|Any CPU
		{E206D0A5-549E-4DFD-848C-96DA452C4DA3}.Debug|Any CPU.Build.0 = Debug|Any CPU
		{E206D0A5-549E-4DFD-848C-96DA452C4DA3}.Release|Any CPU.ActiveCfg = Release|Any CPU
		{E206D0A5-549E-4DFD-848C-96DA452C4DA3}.Release|Any CPU.Build.0 = Release|Any CPU
		{B7F51EF1-2872-4DB2-A773-4A622168AC1F}.Debug|Any CPU.ActiveCfg = Debug|Any CPU
		{B7F51EF1-2872-4DB2-A773-4A622168AC1F}.Debug|Any CPU.Build.0 = Debug|Any CPU
		{B7F51EF1-2872-4DB2-A773-4A622168AC1F}.Release|Any CPU.ActiveCfg = Release|Any CPU
		{B7F51EF1-2872-4DB2-A773-4A622168AC1F}.Release|Any CPU.Build.0 = Release|Any CPU
		{2E39995D-E193-47DF-BD17-2764291700CA}.Debug|Any CPU.ActiveCfg = Debug|Any CPU
		{2E39995D-E193-47DF-BD17-2764291700CA}.Debug|Any CPU.Build.0 = Debug|Any CPU
		{2E39995D-E193-47DF-BD17-2764291700CA}.Release|Any CPU.ActiveCfg = Release|Any CPU
		{2E39995D-E193-47DF-BD17-2764291700CA}.Release|Any CPU.Build.0 = Release|Any CPU
		{E37FF35A-FE2C-41D0-8A5A-99FC3CF2003D}.Debug|Any CPU.ActiveCfg = Debug|Any CPU
		{E37FF35A-FE2C-41D0-8A5A-99FC3CF2003D}.Debug|Any CPU.Build.0 = Debug|Any CPU
		{E37FF35A-FE2C-41D0-8A5A-99FC3CF2003D}.Release|Any CPU.ActiveCfg = Release|Any CPU
		{E37FF35A-FE2C-41D0-8A5A-99FC3CF2003D}.Release|Any CPU.Build.0 = Release|Any CPU
		{02B38CDF-02D0-4484-99B6-47D2FF5CFA13}.Debug|Any CPU.ActiveCfg = Debug|Any CPU
		{02B38CDF-02D0-4484-99B6-47D2FF5CFA13}.Debug|Any CPU.Build.0 = Debug|Any CPU
		{02B38CDF-02D0-4484-99B6-47D2FF5CFA13}.Release|Any CPU.ActiveCfg = Release|Any CPU
		{02B38CDF-02D0-4484-99B6-47D2FF5CFA13}.Release|Any CPU.Build.0 = Release|Any CPU
		{7FBD60F2-D656-489B-AF21-140CDE965E7F}.Debug|Any CPU.ActiveCfg = Debug|Any CPU
		{7FBD60F2-D656-489B-AF21-140CDE965E7F}.Debug|Any CPU.Build.0 = Debug|Any CPU
		{7FBD60F2-D656-489B-AF21-140CDE965E7F}.Release|Any CPU.ActiveCfg = Release|Any CPU
		{7FBD60F2-D656-489B-AF21-140CDE965E7F}.Release|Any CPU.Build.0 = Release|Any CPU
		{3224B2CA-DBF6-4D8F-A8EE-B7595B769A68}.Debug|Any CPU.ActiveCfg = Debug|Any CPU
		{3224B2CA-DBF6-4D8F-A8EE-B7595B769A68}.Debug|Any CPU.Build.0 = Debug|Any CPU
		{3224B2CA-DBF6-4D8F-A8EE-B7595B769A68}.Release|Any CPU.ActiveCfg = Release|Any CPU
		{3224B2CA-DBF6-4D8F-A8EE-B7595B769A68}.Release|Any CPU.Build.0 = Release|Any CPU
		{CEF04BFB-1AFE-4591-9924-E1EEE8CE6F9D}.Debug|Any CPU.ActiveCfg = Debug|Any CPU
		{CEF04BFB-1AFE-4591-9924-E1EEE8CE6F9D}.Debug|Any CPU.Build.0 = Debug|Any CPU
		{CEF04BFB-1AFE-4591-9924-E1EEE8CE6F9D}.Release|Any CPU.ActiveCfg = Release|Any CPU
		{CEF04BFB-1AFE-4591-9924-E1EEE8CE6F9D}.Release|Any CPU.Build.0 = Release|Any CPU
		{91ED789D-5839-4D47-A0FF-0E42FDD8DDDD}.Debug|Any CPU.ActiveCfg = Debug|Any CPU
		{91ED789D-5839-4D47-A0FF-0E42FDD8DDDD}.Debug|Any CPU.Build.0 = Debug|Any CPU
		{91ED789D-5839-4D47-A0FF-0E42FDD8DDDD}.Release|Any CPU.ActiveCfg = Release|Any CPU
		{91ED789D-5839-4D47-A0FF-0E42FDD8DDDD}.Release|Any CPU.Build.0 = Release|Any CPU
		{01B62806-6823-416A-9128-11E84E2CA1A5}.Debug|Any CPU.ActiveCfg = Debug|Any CPU
		{01B62806-6823-416A-9128-11E84E2CA1A5}.Debug|Any CPU.Build.0 = Debug|Any CPU
		{01B62806-6823-416A-9128-11E84E2CA1A5}.Release|Any CPU.ActiveCfg = Release|Any CPU
		{01B62806-6823-416A-9128-11E84E2CA1A5}.Release|Any CPU.Build.0 = Release|Any CPU
		{A2B0EB9A-3AD0-4371-8FED-52B0043C177A}.Debug|Any CPU.ActiveCfg = Debug|Any CPU
		{A2B0EB9A-3AD0-4371-8FED-52B0043C177A}.Debug|Any CPU.Build.0 = Debug|Any CPU
		{A2B0EB9A-3AD0-4371-8FED-52B0043C177A}.Release|Any CPU.ActiveCfg = Release|Any CPU
		{A2B0EB9A-3AD0-4371-8FED-52B0043C177A}.Release|Any CPU.Build.0 = Release|Any CPU
		{62B99667-BECB-44C2-91AF-36FA7DD0BD67}.Debug|Any CPU.ActiveCfg = Debug|Any CPU
		{62B99667-BECB-44C2-91AF-36FA7DD0BD67}.Debug|Any CPU.Build.0 = Debug|Any CPU
		{62B99667-BECB-44C2-91AF-36FA7DD0BD67}.Release|Any CPU.ActiveCfg = Release|Any CPU
		{62B99667-BECB-44C2-91AF-36FA7DD0BD67}.Release|Any CPU.Build.0 = Release|Any CPU
		{98028542-34A3-49F3-88D0-56D856738A89}.Debug|Any CPU.ActiveCfg = Debug|Any CPU
		{98028542-34A3-49F3-88D0-56D856738A89}.Debug|Any CPU.Build.0 = Debug|Any CPU
		{98028542-34A3-49F3-88D0-56D856738A89}.Release|Any CPU.ActiveCfg = Release|Any CPU
		{98028542-34A3-49F3-88D0-56D856738A89}.Release|Any CPU.Build.0 = Release|Any CPU
		{3C3B6915-5E95-4F4E-A2C9-46C9814682CC}.Debug|Any CPU.ActiveCfg = Debug|Any CPU
		{3C3B6915-5E95-4F4E-A2C9-46C9814682CC}.Debug|Any CPU.Build.0 = Debug|Any CPU
		{3C3B6915-5E95-4F4E-A2C9-46C9814682CC}.Release|Any CPU.ActiveCfg = Release|Any CPU
		{3C3B6915-5E95-4F4E-A2C9-46C9814682CC}.Release|Any CPU.Build.0 = Release|Any CPU
		{8EB811B2-6520-4D29-A480-D649B81EB100}.Debug|Any CPU.ActiveCfg = Debug|Any CPU
		{8EB811B2-6520-4D29-A480-D649B81EB100}.Debug|Any CPU.Build.0 = Debug|Any CPU
		{8EB811B2-6520-4D29-A480-D649B81EB100}.Release|Any CPU.ActiveCfg = Release|Any CPU
		{8EB811B2-6520-4D29-A480-D649B81EB100}.Release|Any CPU.Build.0 = Release|Any CPU
		{CF006151-6654-430F-9B20-23B6AAD758A3}.Debug|Any CPU.ActiveCfg = Debug|Any CPU
		{CF006151-6654-430F-9B20-23B6AAD758A3}.Debug|Any CPU.Build.0 = Debug|Any CPU
		{CF006151-6654-430F-9B20-23B6AAD758A3}.Release|Any CPU.ActiveCfg = Release|Any CPU
		{CF006151-6654-430F-9B20-23B6AAD758A3}.Release|Any CPU.Build.0 = Release|Any CPU
		{B7CFA480-05AC-4007-89DA-01A6151488BE}.Debug|Any CPU.ActiveCfg = Debug|Any CPU
		{B7CFA480-05AC-4007-89DA-01A6151488BE}.Debug|Any CPU.Build.0 = Debug|Any CPU
		{B7CFA480-05AC-4007-89DA-01A6151488BE}.Release|Any CPU.ActiveCfg = Release|Any CPU
		{B7CFA480-05AC-4007-89DA-01A6151488BE}.Release|Any CPU.Build.0 = Release|Any CPU
		{510F67BF-C553-4BAE-8EB5-FCBFC17785B8}.Debug|Any CPU.ActiveCfg = Debug|Any CPU
		{510F67BF-C553-4BAE-8EB5-FCBFC17785B8}.Debug|Any CPU.Build.0 = Debug|Any CPU
		{510F67BF-C553-4BAE-8EB5-FCBFC17785B8}.Release|Any CPU.ActiveCfg = Release|Any CPU
		{510F67BF-C553-4BAE-8EB5-FCBFC17785B8}.Release|Any CPU.Build.0 = Release|Any CPU
		{CF9A8C62-7844-4B5F-9A43-EFA2B0E6980B}.Debug|Any CPU.ActiveCfg = Debug|Any CPU
		{CF9A8C62-7844-4B5F-9A43-EFA2B0E6980B}.Debug|Any CPU.Build.0 = Debug|Any CPU
		{CF9A8C62-7844-4B5F-9A43-EFA2B0E6980B}.Release|Any CPU.ActiveCfg = Release|Any CPU
		{CF9A8C62-7844-4B5F-9A43-EFA2B0E6980B}.Release|Any CPU.Build.0 = Release|Any CPU
		{9CF68995-9B10-4A21-8B7D-DCE1C4CE17D8}.Debug|Any CPU.ActiveCfg = Debug|Any CPU
		{9CF68995-9B10-4A21-8B7D-DCE1C4CE17D8}.Debug|Any CPU.Build.0 = Debug|Any CPU
		{9CF68995-9B10-4A21-8B7D-DCE1C4CE17D8}.Release|Any CPU.ActiveCfg = Release|Any CPU
		{9CF68995-9B10-4A21-8B7D-DCE1C4CE17D8}.Release|Any CPU.Build.0 = Release|Any CPU
		{D17D855D-59AB-415D-B35E-E596340AB620}.Debug|Any CPU.ActiveCfg = Debug|Any CPU
		{D17D855D-59AB-415D-B35E-E596340AB620}.Debug|Any CPU.Build.0 = Debug|Any CPU
		{D17D855D-59AB-415D-B35E-E596340AB620}.Release|Any CPU.ActiveCfg = Release|Any CPU
		{D17D855D-59AB-415D-B35E-E596340AB620}.Release|Any CPU.Build.0 = Release|Any CPU
		{9ED38EC6-7C92-4ECF-88D6-01A6C3D8C95D}.Debug|Any CPU.ActiveCfg = Debug|Any CPU
		{9ED38EC6-7C92-4ECF-88D6-01A6C3D8C95D}.Debug|Any CPU.Build.0 = Debug|Any CPU
		{9ED38EC6-7C92-4ECF-88D6-01A6C3D8C95D}.Release|Any CPU.ActiveCfg = Release|Any CPU
		{9ED38EC6-7C92-4ECF-88D6-01A6C3D8C95D}.Release|Any CPU.Build.0 = Release|Any CPU
		{706F2B44-A095-4B4B-B43A-09465F548F48}.Debug|Any CPU.ActiveCfg = Debug|Any CPU
		{706F2B44-A095-4B4B-B43A-09465F548F48}.Debug|Any CPU.Build.0 = Debug|Any CPU
		{706F2B44-A095-4B4B-B43A-09465F548F48}.Release|Any CPU.ActiveCfg = Release|Any CPU
		{706F2B44-A095-4B4B-B43A-09465F548F48}.Release|Any CPU.Build.0 = Release|Any CPU
		{67218DC4-70C8-42BD-A3F1-4EDA8EA4D03C}.Debug|Any CPU.ActiveCfg = Debug|Any CPU
		{67218DC4-70C8-42BD-A3F1-4EDA8EA4D03C}.Debug|Any CPU.Build.0 = Debug|Any CPU
		{67218DC4-70C8-42BD-A3F1-4EDA8EA4D03C}.Release|Any CPU.ActiveCfg = Release|Any CPU
		{67218DC4-70C8-42BD-A3F1-4EDA8EA4D03C}.Release|Any CPU.Build.0 = Release|Any CPU
		{DFA3B17F-7A8F-4625-AA79-AC1F0C4EF3B8}.Debug|Any CPU.ActiveCfg = Debug|Any CPU
		{DFA3B17F-7A8F-4625-AA79-AC1F0C4EF3B8}.Debug|Any CPU.Build.0 = Debug|Any CPU
		{DFA3B17F-7A8F-4625-AA79-AC1F0C4EF3B8}.Release|Any CPU.ActiveCfg = Release|Any CPU
		{DFA3B17F-7A8F-4625-AA79-AC1F0C4EF3B8}.Release|Any CPU.Build.0 = Release|Any CPU
		{D350658E-BD1E-47F2-873C-D627F9227A51}.Debug|Any CPU.ActiveCfg = Debug|Any CPU
		{D350658E-BD1E-47F2-873C-D627F9227A51}.Debug|Any CPU.Build.0 = Debug|Any CPU
		{D350658E-BD1E-47F2-873C-D627F9227A51}.Release|Any CPU.ActiveCfg = Release|Any CPU
		{D350658E-BD1E-47F2-873C-D627F9227A51}.Release|Any CPU.Build.0 = Release|Any CPU
		{6A902AE9-9A9D-4F67-96C1-5870E3914CF2}.Debug|Any CPU.ActiveCfg = Debug|Any CPU
		{6A902AE9-9A9D-4F67-96C1-5870E3914CF2}.Debug|Any CPU.Build.0 = Debug|Any CPU
		{6A902AE9-9A9D-4F67-96C1-5870E3914CF2}.Release|Any CPU.ActiveCfg = Release|Any CPU
		{6A902AE9-9A9D-4F67-96C1-5870E3914CF2}.Release|Any CPU.Build.0 = Release|Any CPU
		{C18D811D-0961-4EAA-B447-02D366FB7C0F}.Debug|Any CPU.ActiveCfg = Debug|Any CPU
		{C18D811D-0961-4EAA-B447-02D366FB7C0F}.Debug|Any CPU.Build.0 = Debug|Any CPU
		{C18D811D-0961-4EAA-B447-02D366FB7C0F}.Release|Any CPU.ActiveCfg = Release|Any CPU
		{C18D811D-0961-4EAA-B447-02D366FB7C0F}.Release|Any CPU.Build.0 = Release|Any CPU
		{2AD06B32-2787-4F38-A85A-9A76233FFA5D}.Debug|Any CPU.ActiveCfg = Debug|Any CPU
		{2AD06B32-2787-4F38-A85A-9A76233FFA5D}.Debug|Any CPU.Build.0 = Debug|Any CPU
		{2AD06B32-2787-4F38-A85A-9A76233FFA5D}.Release|Any CPU.ActiveCfg = Release|Any CPU
		{2AD06B32-2787-4F38-A85A-9A76233FFA5D}.Release|Any CPU.Build.0 = Release|Any CPU
		{9CA0ABE1-475A-467C-A518-4B447885BCD7}.Debug|Any CPU.ActiveCfg = Debug|Any CPU
		{9CA0ABE1-475A-467C-A518-4B447885BCD7}.Debug|Any CPU.Build.0 = Debug|Any CPU
		{9CA0ABE1-475A-467C-A518-4B447885BCD7}.Release|Any CPU.ActiveCfg = Release|Any CPU
		{9CA0ABE1-475A-467C-A518-4B447885BCD7}.Release|Any CPU.Build.0 = Release|Any CPU
		{ABD67B69-2E41-4A0F-B39F-05FA69062220}.Debug|Any CPU.ActiveCfg = Debug|Any CPU
		{ABD67B69-2E41-4A0F-B39F-05FA69062220}.Debug|Any CPU.Build.0 = Debug|Any CPU
		{ABD67B69-2E41-4A0F-B39F-05FA69062220}.Release|Any CPU.ActiveCfg = Release|Any CPU
		{ABD67B69-2E41-4A0F-B39F-05FA69062220}.Release|Any CPU.Build.0 = Release|Any CPU
		{4D3C380E-7740-41F8-815C-64687E27ECE7}.Debug|Any CPU.ActiveCfg = Debug|Any CPU
		{4D3C380E-7740-41F8-815C-64687E27ECE7}.Debug|Any CPU.Build.0 = Debug|Any CPU
		{4D3C380E-7740-41F8-815C-64687E27ECE7}.Release|Any CPU.ActiveCfg = Release|Any CPU
		{4D3C380E-7740-41F8-815C-64687E27ECE7}.Release|Any CPU.Build.0 = Release|Any CPU
		{4A5B838C-CE42-48F2-B551-7AC04B14C610}.Debug|Any CPU.ActiveCfg = Debug|Any CPU
		{4A5B838C-CE42-48F2-B551-7AC04B14C610}.Debug|Any CPU.Build.0 = Debug|Any CPU
		{4A5B838C-CE42-48F2-B551-7AC04B14C610}.Release|Any CPU.ActiveCfg = Release|Any CPU
		{4A5B838C-CE42-48F2-B551-7AC04B14C610}.Release|Any CPU.Build.0 = Release|Any CPU
		{575C049F-0386-43C9-9C1C-77E7F530FAB6}.Debug|Any CPU.ActiveCfg = Debug|Any CPU
		{575C049F-0386-43C9-9C1C-77E7F530FAB6}.Debug|Any CPU.Build.0 = Debug|Any CPU
		{575C049F-0386-43C9-9C1C-77E7F530FAB6}.Release|Any CPU.ActiveCfg = Release|Any CPU
		{575C049F-0386-43C9-9C1C-77E7F530FAB6}.Release|Any CPU.Build.0 = Release|Any CPU
		{2D7930FE-FEDA-46A0-913D-BBC6FD4DCF05}.Debug|Any CPU.ActiveCfg = Debug|Any CPU
		{2D7930FE-FEDA-46A0-913D-BBC6FD4DCF05}.Debug|Any CPU.Build.0 = Debug|Any CPU
		{2D7930FE-FEDA-46A0-913D-BBC6FD4DCF05}.Release|Any CPU.ActiveCfg = Release|Any CPU
		{2D7930FE-FEDA-46A0-913D-BBC6FD4DCF05}.Release|Any CPU.Build.0 = Release|Any CPU
		{B6E44091-862E-4495-837F-74BD1F681585}.Debug|Any CPU.ActiveCfg = Debug|Any CPU
		{B6E44091-862E-4495-837F-74BD1F681585}.Debug|Any CPU.Build.0 = Debug|Any CPU
		{B6E44091-862E-4495-837F-74BD1F681585}.Release|Any CPU.ActiveCfg = Release|Any CPU
		{B6E44091-862E-4495-837F-74BD1F681585}.Release|Any CPU.Build.0 = Release|Any CPU
		{48C83D10-F4E8-4919-AB67-D8065843C28F}.Debug|Any CPU.ActiveCfg = Debug|Any CPU
		{48C83D10-F4E8-4919-AB67-D8065843C28F}.Debug|Any CPU.Build.0 = Debug|Any CPU
		{48C83D10-F4E8-4919-AB67-D8065843C28F}.Release|Any CPU.ActiveCfg = Release|Any CPU
		{48C83D10-F4E8-4919-AB67-D8065843C28F}.Release|Any CPU.Build.0 = Release|Any CPU
		{BC31D1FD-E406-4956-8CA2-30F4F4AD616B}.Debug|Any CPU.ActiveCfg = Debug|Any CPU
		{BC31D1FD-E406-4956-8CA2-30F4F4AD616B}.Debug|Any CPU.Build.0 = Debug|Any CPU
		{BC31D1FD-E406-4956-8CA2-30F4F4AD616B}.Release|Any CPU.ActiveCfg = Release|Any CPU
		{BC31D1FD-E406-4956-8CA2-30F4F4AD616B}.Release|Any CPU.Build.0 = Release|Any CPU
		{A205CDF6-8A18-4E6F-9656-4474DAF29DC0}.Debug|Any CPU.ActiveCfg = Debug|Any CPU
		{A205CDF6-8A18-4E6F-9656-4474DAF29DC0}.Debug|Any CPU.Build.0 = Debug|Any CPU
		{A205CDF6-8A18-4E6F-9656-4474DAF29DC0}.Release|Any CPU.ActiveCfg = Release|Any CPU
		{A205CDF6-8A18-4E6F-9656-4474DAF29DC0}.Release|Any CPU.Build.0 = Release|Any CPU
		{34E683C6-6B81-49E3-94E7-DCBAD9D48D0D}.Debug|Any CPU.ActiveCfg = Debug|Any CPU
		{34E683C6-6B81-49E3-94E7-DCBAD9D48D0D}.Debug|Any CPU.Build.0 = Debug|Any CPU
		{34E683C6-6B81-49E3-94E7-DCBAD9D48D0D}.Release|Any CPU.ActiveCfg = Release|Any CPU
		{34E683C6-6B81-49E3-94E7-DCBAD9D48D0D}.Release|Any CPU.Build.0 = Release|Any CPU
		{95E32A91-EA71-404C-812C-94BF933F0CC2}.Debug|Any CPU.ActiveCfg = Debug|Any CPU
		{95E32A91-EA71-404C-812C-94BF933F0CC2}.Debug|Any CPU.Build.0 = Debug|Any CPU
		{95E32A91-EA71-404C-812C-94BF933F0CC2}.Release|Any CPU.ActiveCfg = Release|Any CPU
		{95E32A91-EA71-404C-812C-94BF933F0CC2}.Release|Any CPU.Build.0 = Release|Any CPU
		{D0340DCC-B0BC-400B-897D-B275A0843EAE}.Debug|Any CPU.ActiveCfg = Debug|Any CPU
		{D0340DCC-B0BC-400B-897D-B275A0843EAE}.Debug|Any CPU.Build.0 = Debug|Any CPU
		{D0340DCC-B0BC-400B-897D-B275A0843EAE}.Release|Any CPU.ActiveCfg = Release|Any CPU
		{D0340DCC-B0BC-400B-897D-B275A0843EAE}.Release|Any CPU.Build.0 = Release|Any CPU
		{579CD696-D1F1-413F-80FE-D700556F3FB9}.Debug|Any CPU.ActiveCfg = Debug|Any CPU
		{579CD696-D1F1-413F-80FE-D700556F3FB9}.Debug|Any CPU.Build.0 = Debug|Any CPU
		{579CD696-D1F1-413F-80FE-D700556F3FB9}.Release|Any CPU.ActiveCfg = Release|Any CPU
		{579CD696-D1F1-413F-80FE-D700556F3FB9}.Release|Any CPU.Build.0 = Release|Any CPU
		{2D6CE435-9DBA-443F-98A7-CC69E6B35F58}.Debug|Any CPU.ActiveCfg = Debug|Any CPU
		{2D6CE435-9DBA-443F-98A7-CC69E6B35F58}.Debug|Any CPU.Build.0 = Debug|Any CPU
		{2D6CE435-9DBA-443F-98A7-CC69E6B35F58}.Release|Any CPU.ActiveCfg = Release|Any CPU
		{2D6CE435-9DBA-443F-98A7-CC69E6B35F58}.Release|Any CPU.Build.0 = Release|Any CPU
		{6F3FB9B5-1F36-4464-99F8-D5A98876B518}.Debug|Any CPU.ActiveCfg = Debug|Any CPU
		{6F3FB9B5-1F36-4464-99F8-D5A98876B518}.Debug|Any CPU.Build.0 = Debug|Any CPU
		{6F3FB9B5-1F36-4464-99F8-D5A98876B518}.Release|Any CPU.ActiveCfg = Release|Any CPU
		{6F3FB9B5-1F36-4464-99F8-D5A98876B518}.Release|Any CPU.Build.0 = Release|Any CPU
		{9C5CAD96-928B-4207-89E1-587D4573E7C6}.Debug|Any CPU.ActiveCfg = Debug|Any CPU
		{9C5CAD96-928B-4207-89E1-587D4573E7C6}.Debug|Any CPU.Build.0 = Debug|Any CPU
		{9C5CAD96-928B-4207-89E1-587D4573E7C6}.Release|Any CPU.ActiveCfg = Release|Any CPU
		{9C5CAD96-928B-4207-89E1-587D4573E7C6}.Release|Any CPU.Build.0 = Release|Any CPU
		{843340CA-5052-4EC5-BF61-8A8EE0A5839F}.Debug|Any CPU.ActiveCfg = Debug|Any CPU
		{843340CA-5052-4EC5-BF61-8A8EE0A5839F}.Debug|Any CPU.Build.0 = Debug|Any CPU
		{843340CA-5052-4EC5-BF61-8A8EE0A5839F}.Release|Any CPU.ActiveCfg = Release|Any CPU
		{843340CA-5052-4EC5-BF61-8A8EE0A5839F}.Release|Any CPU.Build.0 = Release|Any CPU
		{AED40FA0-3E42-4C6D-BF59-0250B113F3A2}.Debug|Any CPU.ActiveCfg = Debug|Any CPU
		{AED40FA0-3E42-4C6D-BF59-0250B113F3A2}.Debug|Any CPU.Build.0 = Debug|Any CPU
		{AED40FA0-3E42-4C6D-BF59-0250B113F3A2}.Release|Any CPU.ActiveCfg = Release|Any CPU
		{AED40FA0-3E42-4C6D-BF59-0250B113F3A2}.Release|Any CPU.Build.0 = Release|Any CPU
	EndGlobalSection
	GlobalSection(SolutionProperties) = preSolution
		HideSolutionNode = FALSE
	EndGlobalSection
	GlobalSection(NestedProjects) = preSolution
		{2AD06B32-2787-4F38-A85A-9A76233FFA5D} = {836444BD-5B92-4AD9-BDEF-536CA4F2FA5A}
		{ABD67B69-2E41-4A0F-B39F-05FA69062220} = {D9CFBE7F-CABA-464C-A2E1-05162D02BB7B}
		{4D3C380E-7740-41F8-815C-64687E27ECE7} = {A35F5339-99E4-45FD-9A90-270CB527A50D}
		{4A5B838C-CE42-48F2-B551-7AC04B14C610} = {A35F5339-99E4-45FD-9A90-270CB527A50D}
		{575C049F-0386-43C9-9C1C-77E7F530FAB6} = {A35F5339-99E4-45FD-9A90-270CB527A50D}
		{2D7930FE-FEDA-46A0-913D-BBC6FD4DCF05} = {A35F5339-99E4-45FD-9A90-270CB527A50D}
		{B6E44091-862E-4495-837F-74BD1F681585} = {A35F5339-99E4-45FD-9A90-270CB527A50D}
		{48C83D10-F4E8-4919-AB67-D8065843C28F} = {A35F5339-99E4-45FD-9A90-270CB527A50D}
		{BC31D1FD-E406-4956-8CA2-30F4F4AD616B} = {A35F5339-99E4-45FD-9A90-270CB527A50D}
		{E32A900C-D7E6-4D0D-9C9B-D38D0A987723} = {A35F5339-99E4-45FD-9A90-270CB527A50D}
		{A205CDF6-8A18-4E6F-9656-4474DAF29DC0} = {E32A900C-D7E6-4D0D-9C9B-D38D0A987723}
		{34E683C6-6B81-49E3-94E7-DCBAD9D48D0D} = {E32A900C-D7E6-4D0D-9C9B-D38D0A987723}
		{95E32A91-EA71-404C-812C-94BF933F0CC2} = {E32A900C-D7E6-4D0D-9C9B-D38D0A987723}
		{D0340DCC-B0BC-400B-897D-B275A0843EAE} = {E32A900C-D7E6-4D0D-9C9B-D38D0A987723}
		{579CD696-D1F1-413F-80FE-D700556F3FB9} = {DFE8852F-44C9-4618-A5E3-8A0CCADE3D9E}
		{DFE8852F-44C9-4618-A5E3-8A0CCADE3D9E} = {E32A900C-D7E6-4D0D-9C9B-D38D0A987723}
		{2D6CE435-9DBA-443F-98A7-CC69E6B35F58} = {DFE8852F-44C9-4618-A5E3-8A0CCADE3D9E}
		{9C5CAD96-928B-4207-89E1-587D4573E7C6} = {A35F5339-99E4-45FD-9A90-270CB527A50D}
		{20D99530-20EA-4B6D-BCB6-508B3D4982CB} = {A35F5339-99E4-45FD-9A90-270CB527A50D}
		{843340CA-5052-4EC5-BF61-8A8EE0A5839F} = {20D99530-20EA-4B6D-BCB6-508B3D4982CB}
		{AED40FA0-3E42-4C6D-BF59-0250B113F3A2} = {20D99530-20EA-4B6D-BCB6-508B3D4982CB}
	EndGlobalSection
	GlobalSection(ExtensibilityGlobals) = postSolution
		SolutionGuid = {5B0BF96B-25A6-4E7B-A043-84E9F7725E39}
	EndGlobalSection
EndGlobal
